// !$*UTF8*$!
{
	archiveVersion = 1;
	classes = {
	};
	objectVersion = 50;
	objects = {

/* Begin PBXBuildFile section */
		972269B72738763400E48140 /* AppDelegate.swift in Sources */ = {isa = PBXBuildFile; fileRef = 972269B62738763400E48140 /* AppDelegate.swift */; };
		972269B92738763400E48140 /* SceneDelegate.swift in Sources */ = {isa = PBXBuildFile; fileRef = 972269B82738763400E48140 /* SceneDelegate.swift */; };
		972269BB2738763400E48140 /* ViewController.swift in Sources */ = {isa = PBXBuildFile; fileRef = 972269BA2738763400E48140 /* ViewController.swift */; };
		972269BE2738763400E48140 /* Main.storyboard in Resources */ = {isa = PBXBuildFile; fileRef = 972269BC2738763400E48140 /* Main.storyboard */; };
		972269C02738763500E48140 /* Assets.xcassets in Resources */ = {isa = PBXBuildFile; fileRef = 972269BF2738763500E48140 /* Assets.xcassets */; };
		972269C32738763500E48140 /* LaunchScreen.storyboard in Resources */ = {isa = PBXBuildFile; fileRef = 972269C12738763500E48140 /* LaunchScreen.storyboard */; };
		972269CE2738763500E48140 /* HW10SwiftTests.swift in Sources */ = {isa = PBXBuildFile; fileRef = 972269CD2738763500E48140 /* HW10SwiftTests.swift */; };
		972269D92738763500E48140 /* HW10SwiftUITests.swift in Sources */ = {isa = PBXBuildFile; fileRef = 972269D82738763500E48140 /* HW10SwiftUITests.swift */; };
/* End PBXBuildFile section */

/* Begin PBXContainerItemProxy section */
		972269CA2738763500E48140 /* PBXContainerItemProxy */ = {
			isa = PBXContainerItemProxy;
			containerPortal = 972269AB2738763400E48140 /* Project object */;
			proxyType = 1;
			remoteGlobalIDString = 972269B22738763400E48140;
			remoteInfo = HW10Swift;
		};
		972269D52738763500E48140 /* PBXContainerItemProxy */ = {
			isa = PBXContainerItemProxy;
			containerPortal = 972269AB2738763400E48140 /* Project object */;
			proxyType = 1;
			remoteGlobalIDString = 972269B22738763400E48140;
			remoteInfo = HW10Swift;
		};
/* End PBXContainerItemProxy section */

/* Begin PBXFileReference section */
		972269B32738763400E48140 /* HW10Swift.app */ = {isa = PBXFileReference; explicitFileType = wrapper.application; includeInIndex = 0; path = HW10Swift.app; sourceTree = BUILT_PRODUCTS_DIR; };
		972269B62738763400E48140 /* AppDelegate.swift */ = {isa = PBXFileReference; lastKnownFileType = sourcecode.swift; path = AppDelegate.swift; sourceTree = "<group>"; };
		972269B82738763400E48140 /* SceneDelegate.swift */ = {isa = PBXFileReference; lastKnownFileType = sourcecode.swift; path = SceneDelegate.swift; sourceTree = "<group>"; };
		972269BA2738763400E48140 /* ViewController.swift */ = {isa = PBXFileReference; lastKnownFileType = sourcecode.swift; path = ViewController.swift; sourceTree = "<group>"; };
		972269BD2738763400E48140 /* Base */ = {isa = PBXFileReference; lastKnownFileType = file.storyboard; name = Base; path = Base.lproj/Main.storyboard; sourceTree = "<group>"; };
		972269BF2738763500E48140 /* Assets.xcassets */ = {isa = PBXFileReference; lastKnownFileType = folder.assetcatalog; path = Assets.xcassets; sourceTree = "<group>"; };
		972269C22738763500E48140 /* Base */ = {isa = PBXFileReference; lastKnownFileType = file.storyboard; name = Base; path = Base.lproj/LaunchScreen.storyboard; sourceTree = "<group>"; };
		972269C42738763500E48140 /* Info.plist */ = {isa = PBXFileReference; lastKnownFileType = text.plist.xml; path = Info.plist; sourceTree = "<group>"; };
		972269C92738763500E48140 /* HW10SwiftTests.xctest */ = {isa = PBXFileReference; explicitFileType = wrapper.cfbundle; includeInIndex = 0; path = HW10SwiftTests.xctest; sourceTree = BUILT_PRODUCTS_DIR; };
		972269CD2738763500E48140 /* HW10SwiftTests.swift */ = {isa = PBXFileReference; lastKnownFileType = sourcecode.swift; path = HW10SwiftTests.swift; sourceTree = "<group>"; };
		972269CF2738763500E48140 /* Info.plist */ = {isa = PBXFileReference; lastKnownFileType = text.plist.xml; path = Info.plist; sourceTree = "<group>"; };
		972269D42738763500E48140 /* HW10SwiftUITests.xctest */ = {isa = PBXFileReference; explicitFileType = wrapper.cfbundle; includeInIndex = 0; path = HW10SwiftUITests.xctest; sourceTree = BUILT_PRODUCTS_DIR; };
		972269D82738763500E48140 /* HW10SwiftUITests.swift */ = {isa = PBXFileReference; lastKnownFileType = sourcecode.swift; path = HW10SwiftUITests.swift; sourceTree = "<group>"; };
		972269DA2738763500E48140 /* Info.plist */ = {isa = PBXFileReference; lastKnownFileType = text.plist.xml; path = Info.plist; sourceTree = "<group>"; };
/* End PBXFileReference section */

/* Begin PBXFrameworksBuildPhase section */
		972269B02738763400E48140 /* Frameworks */ = {
			isa = PBXFrameworksBuildPhase;
			buildActionMask = 2147483647;
			files = (
			);
			runOnlyForDeploymentPostprocessing = 0;
		};
		972269C62738763500E48140 /* Frameworks */ = {
			isa = PBXFrameworksBuildPhase;
			buildActionMask = 2147483647;
			files = (
			);
			runOnlyForDeploymentPostprocessing = 0;
		};
		972269D12738763500E48140 /* Frameworks */ = {
			isa = PBXFrameworksBuildPhase;
			buildActionMask = 2147483647;
			files = (
			);
			runOnlyForDeploymentPostprocessing = 0;
		};
/* End PBXFrameworksBuildPhase section */

/* Begin PBXGroup section */
		972269AA2738763400E48140 = {
			isa = PBXGroup;
			children = (
				972269B52738763400E48140 /* HW10Swift */,
				972269CC2738763500E48140 /* HW10SwiftTests */,
				972269D72738763500E48140 /* HW10SwiftUITests */,
				972269B42738763400E48140 /* Products */,
			);
			sourceTree = "<group>";
		};
		972269B42738763400E48140 /* Products */ = {
			isa = PBXGroup;
			children = (
				972269B32738763400E48140 /* HW10Swift.app */,
				972269C92738763500E48140 /* HW10SwiftTests.xctest */,
				972269D42738763500E48140 /* HW10SwiftUITests.xctest */,
			);
			name = Products;
			sourceTree = "<group>";
		};
		972269B52738763400E48140 /* HW10Swift */ = {
			isa = PBXGroup;
			children = (
				972269B62738763400E48140 /* AppDelegate.swift */,
				972269B82738763400E48140 /* SceneDelegate.swift */,
				972269BA2738763400E48140 /* ViewController.swift */,
				972269BC2738763400E48140 /* Main.storyboard */,
				972269BF2738763500E48140 /* Assets.xcassets */,
				972269C12738763500E48140 /* LaunchScreen.storyboard */,
				972269C42738763500E48140 /* Info.plist */,
			);
			path = HW10Swift;
			sourceTree = "<group>";
		};
		972269CC2738763500E48140 /* HW10SwiftTests */ = {
			isa = PBXGroup;
			children = (
				972269CD2738763500E48140 /* HW10SwiftTests.swift */,
				972269CF2738763500E48140 /* Info.plist */,
			);
			path = HW10SwiftTests;
			sourceTree = "<group>";
		};
		972269D72738763500E48140 /* HW10SwiftUITests */ = {
			isa = PBXGroup;
			children = (
				972269D82738763500E48140 /* HW10SwiftUITests.swift */,
				972269DA2738763500E48140 /* Info.plist */,
			);
			path = HW10SwiftUITests;
			sourceTree = "<group>";
		};
/* End PBXGroup section */

/* Begin PBXNativeTarget section */
		972269B22738763400E48140 /* HW10Swift */ = {
			isa = PBXNativeTarget;
			buildConfigurationList = 972269DD2738763500E48140 /* Build configuration list for PBXNativeTarget "HW10Swift" */;
			buildPhases = (
				972269AF2738763400E48140 /* Sources */,
				972269B02738763400E48140 /* Frameworks */,
				972269B12738763400E48140 /* Resources */,
			);
			buildRules = (
			);
			dependencies = (
			);
			name = HW10Swift;
			productName = HW10Swift;
			productReference = 972269B32738763400E48140 /* HW10Swift.app */;
			productType = "com.apple.product-type.application";
		};
		972269C82738763500E48140 /* HW10SwiftTests */ = {
			isa = PBXNativeTarget;
			buildConfigurationList = 972269E02738763500E48140 /* Build configuration list for PBXNativeTarget "HW10SwiftTests" */;
			buildPhases = (
				972269C52738763500E48140 /* Sources */,
				972269C62738763500E48140 /* Frameworks */,
				972269C72738763500E48140 /* Resources */,
			);
			buildRules = (
			);
			dependencies = (
				972269CB2738763500E48140 /* PBXTargetDependency */,
			);
			name = HW10SwiftTests;
			productName = HW10SwiftTests;
			productReference = 972269C92738763500E48140 /* HW10SwiftTests.xctest */;
			productType = "com.apple.product-type.bundle.unit-test";
		};
		972269D32738763500E48140 /* HW10SwiftUITests */ = {
			isa = PBXNativeTarget;
			buildConfigurationList = 972269E32738763500E48140 /* Build configuration list for PBXNativeTarget "HW10SwiftUITests" */;
			buildPhases = (
				972269D02738763500E48140 /* Sources */,
				972269D12738763500E48140 /* Frameworks */,
				972269D22738763500E48140 /* Resources */,
			);
			buildRules = (
			);
			dependencies = (
				972269D62738763500E48140 /* PBXTargetDependency */,
			);
			name = HW10SwiftUITests;
			productName = HW10SwiftUITests;
			productReference = 972269D42738763500E48140 /* HW10SwiftUITests.xctest */;
			productType = "com.apple.product-type.bundle.ui-testing";
		};
/* End PBXNativeTarget section */

/* Begin PBXProject section */
		972269AB2738763400E48140 /* Project object */ = {
			isa = PBXProject;
			attributes = {
				LastSwiftUpdateCheck = 1130;
				LastUpgradeCheck = 1130;
				ORGANIZATIONNAME = "Yuri Kalandarov";
				TargetAttributes = {
					972269B22738763400E48140 = {
						CreatedOnToolsVersion = 11.3.1;
					};
					972269C82738763500E48140 = {
						CreatedOnToolsVersion = 11.3.1;
						TestTargetID = 972269B22738763400E48140;
					};
					972269D32738763500E48140 = {
						CreatedOnToolsVersion = 11.3.1;
						TestTargetID = 972269B22738763400E48140;
					};
				};
			};
			buildConfigurationList = 972269AE2738763400E48140 /* Build configuration list for PBXProject "HW10Swift" */;
			compatibilityVersion = "Xcode 9.3";
			developmentRegion = en;
			hasScannedForEncodings = 0;
			knownRegions = (
				en,
				Base,
			);
			mainGroup = 972269AA2738763400E48140;
			productRefGroup = 972269B42738763400E48140 /* Products */;
			projectDirPath = "";
			projectRoot = "";
			targets = (
				972269B22738763400E48140 /* HW10Swift */,
				972269C82738763500E48140 /* HW10SwiftTests */,
				972269D32738763500E48140 /* HW10SwiftUITests */,
			);
		};
/* End PBXProject section */

/* Begin PBXResourcesBuildPhase section */
		972269B12738763400E48140 /* Resources */ = {
			isa = PBXResourcesBuildPhase;
			buildActionMask = 2147483647;
			files = (
				972269C32738763500E48140 /* LaunchScreen.storyboard in Resources */,
				972269C02738763500E48140 /* Assets.xcassets in Resources */,
				972269BE2738763400E48140 /* Main.storyboard in Resources */,
			);
			runOnlyForDeploymentPostprocessing = 0;
		};
		972269C72738763500E48140 /* Resources */ = {
			isa = PBXResourcesBuildPhase;
			buildActionMask = 2147483647;
			files = (
			);
			runOnlyForDeploymentPostprocessing = 0;
		};
		972269D22738763500E48140 /* Resources */ = {
			isa = PBXResourcesBuildPhase;
			buildActionMask = 2147483647;
			files = (
			);
			runOnlyForDeploymentPostprocessing = 0;
		};
/* End PBXResourcesBuildPhase section */

/* Begin PBXSourcesBuildPhase section */
		972269AF2738763400E48140 /* Sources */ = {
			isa = PBXSourcesBuildPhase;
			buildActionMask = 2147483647;
			files = (
				972269BB2738763400E48140 /* ViewController.swift in Sources */,
				972269B72738763400E48140 /* AppDelegate.swift in Sources */,
				972269B92738763400E48140 /* SceneDelegate.swift in Sources */,
			);
			runOnlyForDeploymentPostprocessing = 0;
		};
		972269C52738763500E48140 /* Sources */ = {
			isa = PBXSourcesBuildPhase;
			buildActionMask = 2147483647;
			files = (
				972269CE2738763500E48140 /* HW10SwiftTests.swift in Sources */,
			);
			runOnlyForDeploymentPostprocessing = 0;
		};
		972269D02738763500E48140 /* Sources */ = {
			isa = PBXSourcesBuildPhase;
			buildActionMask = 2147483647;
			files = (
				972269D92738763500E48140 /* HW10SwiftUITests.swift in Sources */,
			);
			runOnlyForDeploymentPostprocessing = 0;
		};
/* End PBXSourcesBuildPhase section */

/* Begin PBXTargetDependency section */
		972269CB2738763500E48140 /* PBXTargetDependency */ = {
			isa = PBXTargetDependency;
			target = 972269B22738763400E48140 /* HW10Swift */;
			targetProxy = 972269CA2738763500E48140 /* PBXContainerItemProxy */;
		};
		972269D62738763500E48140 /* PBXTargetDependency */ = {
			isa = PBXTargetDependency;
			target = 972269B22738763400E48140 /* HW10Swift */;
			targetProxy = 972269D52738763500E48140 /* PBXContainerItemProxy */;
		};
/* End PBXTargetDependency section */

/* Begin PBXVariantGroup section */
		972269BC2738763400E48140 /* Main.storyboard */ = {
			isa = PBXVariantGroup;
			children = (
				972269BD2738763400E48140 /* Base */,
			);
			name = Main.storyboard;
			sourceTree = "<group>";
		};
		972269C12738763500E48140 /* LaunchScreen.storyboard */ = {
			isa = PBXVariantGroup;
			children = (
				972269C22738763500E48140 /* Base */,
			);
			name = LaunchScreen.storyboard;
			sourceTree = "<group>";
		};
/* End PBXVariantGroup section */

/* Begin XCBuildConfiguration section */
		972269DB2738763500E48140 /* Debug */ = {
			isa = XCBuildConfiguration;
			buildSettings = {
				ALWAYS_SEARCH_USER_PATHS = NO;
				CLANG_ANALYZER_NONNULL = YES;
				CLANG_ANALYZER_NUMBER_OBJECT_CONVERSION = YES_AGGRESSIVE;
				CLANG_CXX_LANGUAGE_STANDARD = "gnu++14";
				CLANG_CXX_LIBRARY = "libc++";
				CLANG_ENABLE_MODULES = YES;
				CLANG_ENABLE_OBJC_ARC = YES;
				CLANG_ENABLE_OBJC_WEAK = YES;
				CLANG_WARN_BLOCK_CAPTURE_AUTORELEASING = YES;
				CLANG_WARN_BOOL_CONVERSION = YES;
				CLANG_WARN_COMMA = YES;
				CLANG_WARN_CONSTANT_CONVERSION = YES;
				CLANG_WARN_DEPRECATED_OBJC_IMPLEMENTATIONS = YES;
				CLANG_WARN_DIRECT_OBJC_ISA_USAGE = YES_ERROR;
				CLANG_WARN_DOCUMENTATION_COMMENTS = YES;
				CLANG_WARN_EMPTY_BODY = YES;
				CLANG_WARN_ENUM_CONVERSION = YES;
				CLANG_WARN_INFINITE_RECURSION = YES;
				CLANG_WARN_INT_CONVERSION = YES;
				CLANG_WARN_NON_LITERAL_NULL_CONVERSION = YES;
				CLANG_WARN_OBJC_IMPLICIT_RETAIN_SELF = YES;
				CLANG_WARN_OBJC_LITERAL_CONVERSION = YES;
				CLANG_WARN_OBJC_ROOT_CLASS = YES_ERROR;
				CLANG_WARN_RANGE_LOOP_ANALYSIS = YES;
				CLANG_WARN_STRICT_PROTOTYPES = YES;
				CLANG_WARN_SUSPICIOUS_MOVE = YES;
				CLANG_WARN_UNGUARDED_AVAILABILITY = YES_AGGRESSIVE;
				CLANG_WARN_UNREACHABLE_CODE = YES;
				CLANG_WARN__DUPLICATE_METHOD_MATCH = YES;
				COPY_PHASE_STRIP = NO;
				DEBUG_INFORMATION_FORMAT = dwarf;
				ENABLE_STRICT_OBJC_MSGSEND = YES;
				ENABLE_TESTABILITY = YES;
				GCC_C_LANGUAGE_STANDARD = gnu11;
				GCC_DYNAMIC_NO_PIC = NO;
				GCC_NO_COMMON_BLOCKS = YES;
				GCC_OPTIMIZATION_LEVEL = 0;
				GCC_PREPROCESSOR_DEFINITIONS = (
					"DEBUG=1",
					"$(inherited)",
				);
				GCC_WARN_64_TO_32_BIT_CONVERSION = YES;
				GCC_WARN_ABOUT_RETURN_TYPE = YES_ERROR;
				GCC_WARN_UNDECLARED_SELECTOR = YES;
				GCC_WARN_UNINITIALIZED_AUTOS = YES_AGGRESSIVE;
				GCC_WARN_UNUSED_FUNCTION = YES;
				GCC_WARN_UNUSED_VARIABLE = YES;
				IPHONEOS_DEPLOYMENT_TARGET = 13.2;
				MTL_ENABLE_DEBUG_INFO = INCLUDE_SOURCE;
				MTL_FAST_MATH = YES;
				ONLY_ACTIVE_ARCH = YES;
				SDKROOT = iphoneos;
				SWIFT_ACTIVE_COMPILATION_CONDITIONS = DEBUG;
				SWIFT_OPTIMIZATION_LEVEL = "-Onone";
			};
			name = Debug;
		};
		972269DC2738763500E48140 /* Release */ = {
			isa = XCBuildConfiguration;
			buildSettings = {
				ALWAYS_SEARCH_USER_PATHS = NO;
				CLANG_ANALYZER_NONNULL = YES;
				CLANG_ANALYZER_NUMBER_OBJECT_CONVERSION = YES_AGGRESSIVE;
				CLANG_CXX_LANGUAGE_STANDARD = "gnu++14";
				CLANG_CXX_LIBRARY = "libc++";
				CLANG_ENABLE_MODULES = YES;
				CLANG_ENABLE_OBJC_ARC = YES;
				CLANG_ENABLE_OBJC_WEAK = YES;
				CLANG_WARN_BLOCK_CAPTURE_AUTORELEASING = YES;
				CLANG_WARN_BOOL_CONVERSION = YES;
				CLANG_WARN_COMMA = YES;
				CLANG_WARN_CONSTANT_CONVERSION = YES;
				CLANG_WARN_DEPRECATED_OBJC_IMPLEMENTATIONS = YES;
				CLANG_WARN_DIRECT_OBJC_ISA_USAGE = YES_ERROR;
				CLANG_WARN_DOCUMENTATION_COMMENTS = YES;
				CLANG_WARN_EMPTY_BODY = YES;
				CLANG_WARN_ENUM_CONVERSION = YES;
				CLANG_WARN_INFINITE_RECURSION = YES;
				CLANG_WARN_INT_CONVERSION = YES;
				CLANG_WARN_NON_LITERAL_NULL_CONVERSION = YES;
				CLANG_WARN_OBJC_IMPLICIT_RETAIN_SELF = YES;
				CLANG_WARN_OBJC_LITERAL_CONVERSION = YES;
				CLANG_WARN_OBJC_ROOT_CLASS = YES_ERROR;
				CLANG_WARN_RANGE_LOOP_ANALYSIS = YES;
				CLANG_WARN_STRICT_PROTOTYPES = YES;
				CLANG_WARN_SUSPICIOUS_MOVE = YES;
				CLANG_WARN_UNGUARDED_AVAILABILITY = YES_AGGRESSIVE;
				CLANG_WARN_UNREACHABLE_CODE = YES;
				CLANG_WARN__DUPLICATE_METHOD_MATCH = YES;
				COPY_PHASE_STRIP = NO;
				DEBUG_INFORMATION_FORMAT = "dwarf-with-dsym";
				ENABLE_NS_ASSERTIONS = NO;
				ENABLE_STRICT_OBJC_MSGSEND = YES;
				GCC_C_LANGUAGE_STANDARD = gnu11;
				GCC_NO_COMMON_BLOCKS = YES;
				GCC_WARN_64_TO_32_BIT_CONVERSION = YES;
				GCC_WARN_ABOUT_RETURN_TYPE = YES_ERROR;
				GCC_WARN_UNDECLARED_SELECTOR = YES;
				GCC_WARN_UNINITIALIZED_AUTOS = YES_AGGRESSIVE;
				GCC_WARN_UNUSED_FUNCTION = YES;
				GCC_WARN_UNUSED_VARIABLE = YES;
				IPHONEOS_DEPLOYMENT_TARGET = 13.2;
				MTL_ENABLE_DEBUG_INFO = NO;
				MTL_FAST_MATH = YES;
				SDKROOT = iphoneos;
				SWIFT_COMPILATION_MODE = wholemodule;
				SWIFT_OPTIMIZATION_LEVEL = "-O";
				VALIDATE_PRODUCT = YES;
			};
			name = Release;
		};
		972269DE2738763500E48140 /* Debug */ = {
			isa = XCBuildConfiguration;
			buildSettings = {
				ASSETCATALOG_COMPILER_APPICON_NAME = AppIcon;
				CODE_SIGN_STYLE = Automatic;
				DEVELOPMENT_TEAM = T86H96868Q;
				INFOPLIST_FILE = HW10Swift/Info.plist;
				LD_RUNPATH_SEARCH_PATHS = (
					"$(inherited)",
					"@executable_path/Frameworks",
				);
				PRODUCT_BUNDLE_IDENTIFIER = com.my.HW10Swift;
				PRODUCT_NAME = "$(TARGET_NAME)";
				SWIFT_VERSION = 5.0;
				TARGETED_DEVICE_FAMILY = "1,2";
			};
			name = Debug;
		};
		972269DF2738763500E48140 /* Release */ = {
			isa = XCBuildConfiguration;
			buildSettings = {
				ASSETCATALOG_COMPILER_APPICON_NAME = AppIcon;
				CODE_SIGN_STYLE = Automatic;
				DEVELOPMENT_TEAM = T86H96868Q;
				INFOPLIST_FILE = HW10Swift/Info.plist;
				LD_RUNPATH_SEARCH_PATHS = (
					"$(inherited)",
					"@executable_path/Frameworks",
				);
				PRODUCT_BUNDLE_IDENTIFIER = com.my.HW10Swift;
				PRODUCT_NAME = "$(TARGET_NAME)";
				SWIFT_VERSION = 5.0;
				TARGETED_DEVICE_FAMILY = "1,2";
			};
			name = Release;
		};
		972269E12738763500E48140 /* Debug */ = {
			isa = XCBuildConfiguration;
			buildSettings = {
				ALWAYS_EMBED_SWIFT_STANDARD_LIBRARIES = YES;
				BUNDLE_LOADER = "$(TEST_HOST)";
				CODE_SIGN_STYLE = Automatic;
				DEVELOPMENT_TEAM = T86H96868Q;
				INFOPLIST_FILE = HW10SwiftTests/Info.plist;
				IPHONEOS_DEPLOYMENT_TARGET = 13.2;
				LD_RUNPATH_SEARCH_PATHS = (
					"$(inherited)",
					"@executable_path/Frameworks",
					"@loader_path/Frameworks",
				);
				PRODUCT_BUNDLE_IDENTIFIER = com.my.HW10SwiftTests;
				PRODUCT_NAME = "$(TARGET_NAME)";
				SWIFT_VERSION = 5.0;
				TARGETED_DEVICE_FAMILY = "1,2";
				TEST_HOST = "$(BUILT_PRODUCTS_DIR)/HW10Swift.app/HW10Swift";
			};
			name = Debug;
		};
		972269E22738763500E48140 /* Release */ = {
			isa = XCBuildConfiguration;
			buildSettings = {
				ALWAYS_EMBED_SWIFT_STANDARD_LIBRARIES = YES;
				BUNDLE_LOADER = "$(TEST_HOST)";
				CODE_SIGN_STYLE = Automatic;
				DEVELOPMENT_TEAM = T86H96868Q;
				INFOPLIST_FILE = HW10SwiftTests/Info.plist;
				IPHONEOS_DEPLOYMENT_TARGET = 13.2;
				LD_RUNPATH_SEARCH_PATHS = (
					"$(inherited)",
					"@executable_path/Frameworks",
					"@loader_path/Frameworks",
				);
				PRODUCT_BUNDLE_IDENTIFIER = com.my.HW10SwiftTests;
				PRODUCT_NAME = "$(TARGET_NAME)";
				SWIFT_VERSION = 5.0;
				TARGETED_DEVICE_FAMILY = "1,2";
				TEST_HOST = "$(BUILT_PRODUCTS_DIR)/HW10Swift.app/HW10Swift";
			};
			name = Release;
		};
		972269E42738763500E48140 /* Debug */ = {
			isa = XCBuildConfiguration;
			buildSettings = {
				ALWAYS_EMBED_SWIFT_STANDARD_LIBRARIES = YES;
				CODE_SIGN_STYLE = Automatic;
				DEVELOPMENT_TEAM = T86H96868Q;
				INFOPLIST_FILE = HW10SwiftUITests/Info.plist;
				LD_RUNPATH_SEARCH_PATHS = (
					"$(inherited)",
					"@executable_path/Frameworks",
					"@loader_path/Frameworks",
				);
				PRODUCT_BUNDLE_IDENTIFIER = com.my.HW10SwiftUITests;
				PRODUCT_NAME = "$(TARGET_NAME)";
				SWIFT_VERSION = 5.0;
				TARGETED_DEVICE_FAMILY = "1,2";
				TEST_TARGET_NAME = HW10Swift;
			};
			name = Debug;
		};
		972269E52738763500E48140 /* Release */ = {
			isa = XCBuildConfiguration;
			buildSettings = {
				ALWAYS_EMBED_SWIFT_STANDARD_LIBRARIES = YES;
				CODE_SIGN_STYLE = Automatic;
				DEVELOPMENT_TEAM = T86H96868Q;
				INFOPLIST_FILE = HW10SwiftUITests/Info.plist;
				LD_RUNPATH_SEARCH_PATHS = (
					"$(inherited)",
					"@executable_path/Frameworks",
					"@loader_path/Frameworks",
				);
				PRODUCT_BUNDLE_IDENTIFIER = com.my.HW10SwiftUITests;
				PRODUCT_NAME = "$(TARGET_NAME)";
				SWIFT_VERSION = 5.0;
				TARGETED_DEVICE_FAMILY = "1,2";
				TEST_TARGET_NAME = HW10Swift;
			};
			name = Release;
		};
/* End XCBuildConfiguration section */

/* Begin XCConfigurationList section */
		972269AE2738763400E48140 /* Build configuration list for PBXProject "HW10Swift" */ = {
			isa = XCConfigurationList;
			buildConfigurations = (
				972269DB2738763500E48140 /* Debug */,
				972269DC2738763500E48140 /* Release */,
			);
			defaultConfigurationIsVisible = 0;
			defaultConfigurationName = Release;
		};
		972269DD2738763500E48140 /* Build configuration list for PBXNativeTarget "HW10Swift" */ = {
			isa = XCConfigurationList;
			buildConfigurations = (
				972269DE2738763500E48140 /* Debug */,
				972269DF2738763500E48140 /* Release */,
			);
			defaultConfigurationIsVisible = 0;
			defaultConfigurationName = Release;
		};
		972269E02738763500E48140 /* Build configuration list for PBXNativeTarget "HW10SwiftTests" */ = {
			isa = XCConfigurationList;
			buildConfigurations = (
				972269E12738763500E48140 /* Debug */,
				972269E22738763500E48140 /* Release */,
			);
			defaultConfigurationIsVisible = 0;
			defaultConfigurationName = Release;
		};
		972269E32738763500E48140 /* Build configuration list for PBXNativeTarget "HW10SwiftUITests" */ = {
			isa = XCConfigurationList;
			buildConfigurations = (
				972269E42738763500E48140 /* Debug */,
				972269E52738763500E48140 /* Release */,
			);
			defaultConfigurationIsVisible = 0;
			defaultConfigurationName = Release;
		};
/* End XCConfigurationList section */
	};
	rootObject = 972269AB2738763400E48140 /* Project object */;
}
